
Microsoft Visual Studio Solution File, Format Version 12.00
# Visual Studio Version 17
VisualStudioVersion = 17.14.36616.10 d17.14
MinimumVisualStudioVersion = 10.0.40219.1
Project("{FAE04EC0-301F-11D3-BF4B-00C04F79EFBC}") = "giftoTGA", "giftoTGA\giftoTGA.csproj", "{F354F386-5C0F-4910-AFC4-A256F92E20EF}"
EndProject
Global
	GlobalSection(SolutionConfigurationPlatforms) = preSolution
		Debug|Any CPU = Debug|Any CPU
		Release|Any CPU = Release|Any CPU
	EndGlobalSection
	GlobalSection(ProjectConfigurationPlatforms) = postSolution
		{F354F386-5C0F-4910-AFC4-A256F92E20EF}.Debug|Any CPU.ActiveCfg = Debug|Any CPU
		{F354F386-5C0F-4910-AFC4-A256F92E20EF}.Debug|Any CPU.Build.0 = Debug|Any CPU
		{F354F386-5C0F-4910-AFC4-A256F92E20EF}.Release|Any CPU.ActiveCfg = Release|Any CPU
		{F354F386-5C0F-4910-AFC4-A256F92E20EF}.Release|Any CPU.Build.0 = Release|Any CPU
	EndGlobalSection
	GlobalSection(SolutionProperties) = preSolution
		HideSolutionNode = FALSE
	EndGlobalSection
	GlobalSection(ExtensibilityGlobals) = postSolution
		SolutionGuid = {51DE3042-4B72-48D7-8872-463C533827DD}
	EndGlobalSection
EndGlobal
